{
  "pins" : [
    {
      "identity" : "openaiswift",
      "kind" : "remoteSourceControl",
      "location" : "https://github.com/adamrushy/OpenAISwift",
      "state" : {
        "branch" : "main",
        "revision" : "e32889bfc8c20598903ddebceef72d5c7c669722"
      }
    }
  ],
  "version" : 2
}
